
Microsoft Visual Studio Solution File, Format Version 12.00
# Visual Studio Version 17
VisualStudioVersion = 17.8.34330.188
MinimumVisualStudioVersion = 10.0.40219.1
Project("{FAE04EC0-301F-11D3-BF4B-00C04F79EFBC}") = "Kædet_list_Datastruktur", "Kædet_list_Datastruktur\Kædet_list_Datastruktur.csproj", "{5F320575-3DDE-4B16-8279-53D9CAB742C5}"
EndProject
Project("{FAE04EC0-301F-11D3-BF4B-00C04F79EFBC}") = "LinkedListUnitTest", "LinkedListUnitTest\LinkedListUnitTest.csproj", "{C0B8D2F0-C12D-4D64-94F4-DD31C79066F0}"
	ProjectSection(ProjectDependencies) = postProject
		{5F320575-3DDE-4B16-8279-53D9CAB742C5} = {5F320575-3DDE-4B16-8279-53D9CAB742C5}
	EndProjectSection
EndProject
Global
	GlobalSection(SolutionConfigurationPlatforms) = preSolution
		Debug|Any CPU = Debug|Any CPU
		Release|Any CPU = Release|Any CPU
	EndGlobalSection
	GlobalSection(ProjectConfigurationPlatforms) = postSolution
		{5F320575-3DDE-4B16-8279-53D9CAB742C5}.Debug|Any CPU.ActiveCfg = Debug|Any CPU
		{5F320575-3DDE-4B16-8279-53D9CAB742C5}.Debug|Any CPU.Build.0 = Debug|Any CPU
		{5F320575-3DDE-4B16-8279-53D9CAB742C5}.Release|Any CPU.ActiveCfg = Release|Any CPU
		{5F320575-3DDE-4B16-8279-53D9CAB742C5}.Release|Any CPU.Build.0 = Release|Any CPU
		{C0B8D2F0-C12D-4D64-94F4-DD31C79066F0}.Debug|Any CPU.ActiveCfg = Debug|Any CPU
		{C0B8D2F0-C12D-4D64-94F4-DD31C79066F0}.Debug|Any CPU.Build.0 = Debug|Any CPU
		{C0B8D2F0-C12D-4D64-94F4-DD31C79066F0}.Release|Any CPU.ActiveCfg = Release|Any CPU
		{C0B8D2F0-C12D-4D64-94F4-DD31C79066F0}.Release|Any CPU.Build.0 = Release|Any CPU
	EndGlobalSection
	GlobalSection(SolutionProperties) = preSolution
		HideSolutionNode = FALSE
	EndGlobalSection
	GlobalSection(ExtensibilityGlobals) = postSolution
		SolutionGuid = {11024206-ABD7-41D2-AA42-8E5293921035}
	EndGlobalSection
EndGlobal
